
Microsoft Visual Studio Solution File, Format Version 12.00
# Visual Studio 15
VisualStudioVersion = 15.0.27625.0
MinimumVisualStudioVersion = 10.0.40219.1
Project("{FAE04EC0-301F-11D3-BF4B-00C04F79EFBC}") = "OnlineHlslCompiler", "OnlineHlslCompiler\OnlineHlslCompiler.csproj", "{4EE3EF04-6511-4F06-A03C-77A10CD3C0DF}"
EndProject
Project("{FAE04EC0-301F-11D3-BF4B-00C04F79EFBC}") = "OnlineShaderCompiler", "OnlineShaderCompiler\OnlineShaderCompiler.csproj", "{8048B9B2-D769-456F-8C1D-9B5694017113}"
EndProject
Global
	GlobalSection(SolutionConfigurationPlatforms) = preSolution
		Debug|Any CPU = Debug|Any CPU
		Release|Any CPU = Release|Any CPU
	EndGlobalSection
	GlobalSection(ProjectConfigurationPlatforms) = postSolution
		{4EE3EF04-6511-4F06-A03C-77A10CD3C0DF}.Debug|Any CPU.ActiveCfg = Debug|Any CPU
		{4EE3EF04-6511-4F06-A03C-77A10CD3C0DF}.Debug|Any CPU.Build.0 = Debug|Any CPU
		{4EE3EF04-6511-4F06-A03C-77A10CD3C0DF}.Release|Any CPU.ActiveCfg = Release|Any CPU
		{4EE3EF04-6511-4F06-A03C-77A10CD3C0DF}.Release|Any CPU.Build.0 = Release|Any CPU
		{8048B9B2-D769-456F-8C1D-9B5694017113}.Debug|Any CPU.ActiveCfg = Debug|Any CPU
		{8048B9B2-D769-456F-8C1D-9B5694017113}.Debug|Any CPU.Build.0 = Debug|Any CPU
		{8048B9B2-D769-456F-8C1D-9B5694017113}.Release|Any CPU.ActiveCfg = Release|Any CPU
		{8048B9B2-D769-456F-8C1D-9B5694017113}.Release|Any CPU.Build.0 = Release|Any CPU
	EndGlobalSection
	GlobalSection(SolutionProperties) = preSolution
		HideSolutionNode = FALSE
	EndGlobalSection
	GlobalSection(ExtensibilityGlobals) = postSolution
		SolutionGuid = {CEDC45C9-D68C-4C0B-8529-64879D8077C5}
	EndGlobalSection
EndGlobal
